
Microsoft Visual Studio Solution File, Format Version 12.00
# Visual Studio 15
VisualStudioVersion = 15.0.27130.2026
MinimumVisualStudioVersion = 10.0.40219.1
Project("{9A19103F-16F7-4668-BE54-9A1E7A4F7556}") = "MAXIMAGO.KickIt.Host", "MAXIMAGO.KickIt.Host\MAXIMAGO.KickIt.Host.csproj", "{BB06D78E-A8EB-45BE-8814-B4EDC4F407B6}"
EndProject
Project("{9A19103F-16F7-4668-BE54-9A1E7A4F7556}") = "MAXIMAGO.KickIt", "MAXIMAGO.KickIt\MAXIMAGO.KickIt.csproj", "{27C98713-7C40-40C9-8CF2-EDA521BFF800}"
EndProject
Project("{9A19103F-16F7-4668-BE54-9A1E7A4F7556}") = "MAXIMAGO.KickIt.InMemoryStorage", "MAXIMAGO.KickIt.InMemoryStorage\MAXIMAGO.KickIt.InMemoryStorage.csproj", "{A53B9135-A6AF-4FC8-8587-3F3E0DF3F0FF}"
EndProject
Project("{9A19103F-16F7-4668-BE54-9A1E7A4F7556}") = "MAXIMAGO.KickIt.Tests", "MAXIMAGO.KickIt.Tests\MAXIMAGO.KickIt.Tests.csproj", "{0D844E1F-A753-408A-9F55-2419CBDD9CF1}"
EndProject
Project("{E53339B2-1760-4266-BCC7-CA923CBCF16C}") = "docker-compose", "docker-compose.dcproj", "{1A4BEC1D-9F45-4C63-B2FB-A9A718A672E3}"
EndProject
Global
	GlobalSection(SolutionConfigurationPlatforms) = preSolution
		Debug|Any CPU = Debug|Any CPU
		Release|Any CPU = Release|Any CPU
	EndGlobalSection
	GlobalSection(ProjectConfigurationPlatforms) = postSolution
		{BB06D78E-A8EB-45BE-8814-B4EDC4F407B6}.Debug|Any CPU.ActiveCfg = Debug|Any CPU
		{BB06D78E-A8EB-45BE-8814-B4EDC4F407B6}.Debug|Any CPU.Build.0 = Debug|Any CPU
		{BB06D78E-A8EB-45BE-8814-B4EDC4F407B6}.Release|Any CPU.ActiveCfg = Release|Any CPU
		{BB06D78E-A8EB-45BE-8814-B4EDC4F407B6}.Release|Any CPU.Build.0 = Release|Any CPU
		{27C98713-7C40-40C9-8CF2-EDA521BFF800}.Debug|Any CPU.ActiveCfg = Debug|Any CPU
		{27C98713-7C40-40C9-8CF2-EDA521BFF800}.Debug|Any CPU.Build.0 = Debug|Any CPU
		{27C98713-7C40-40C9-8CF2-EDA521BFF800}.Release|Any CPU.ActiveCfg = Release|Any CPU
		{27C98713-7C40-40C9-8CF2-EDA521BFF800}.Release|Any CPU.Build.0 = Release|Any CPU
		{A53B9135-A6AF-4FC8-8587-3F3E0DF3F0FF}.Debug|Any CPU.ActiveCfg = Debug|Any CPU
		{A53B9135-A6AF-4FC8-8587-3F3E0DF3F0FF}.Debug|Any CPU.Build.0 = Debug|Any CPU
		{A53B9135-A6AF-4FC8-8587-3F3E0DF3F0FF}.Release|Any CPU.ActiveCfg = Release|Any CPU
		{A53B9135-A6AF-4FC8-8587-3F3E0DF3F0FF}.Release|Any CPU.Build.0 = Release|Any CPU
		{0D844E1F-A753-408A-9F55-2419CBDD9CF1}.Debug|Any CPU.ActiveCfg = Debug|Any CPU
		{0D844E1F-A753-408A-9F55-2419CBDD9CF1}.Debug|Any CPU.Build.0 = Debug|Any CPU
		{0D844E1F-A753-408A-9F55-2419CBDD9CF1}.Release|Any CPU.ActiveCfg = Release|Any CPU
		{0D844E1F-A753-408A-9F55-2419CBDD9CF1}.Release|Any CPU.Build.0 = Release|Any CPU
		{1A4BEC1D-9F45-4C63-B2FB-A9A718A672E3}.Debug|Any CPU.ActiveCfg = Debug|Any CPU
		{1A4BEC1D-9F45-4C63-B2FB-A9A718A672E3}.Debug|Any CPU.Build.0 = Debug|Any CPU
		{1A4BEC1D-9F45-4C63-B2FB-A9A718A672E3}.Release|Any CPU.ActiveCfg = Release|Any CPU
		{1A4BEC1D-9F45-4C63-B2FB-A9A718A672E3}.Release|Any CPU.Build.0 = Release|Any CPU
	EndGlobalSection
	GlobalSection(SolutionProperties) = preSolution
		HideSolutionNode = FALSE
	EndGlobalSection
	GlobalSection(ExtensibilityGlobals) = postSolution
		SolutionGuid = {7F264E47-B917-4F0C-BCFD-9AB49100603D}
	EndGlobalSection
EndGlobal
